
Microsoft Visual Studio Solution File, Format Version 12.00
# Visual Studio 2013
VisualStudioVersion = 12.0.31101.0
MinimumVisualStudioVersion = 10.0.40219.1
Project("{FAE04EC0-301F-11D3-BF4B-00C04F79EFBC}") = "TicketingSystem.Models", "TicketingSystem.Models\TicketingSystem.Models.csproj", "{67E8A29C-D806-4DA8-BF82-6A6794AD4203}"
EndProject
Project("{FAE04EC0-301F-11D3-BF4B-00C04F79EFBC}") = "TicketingSystem.Data", "TicketingSystem.Data\TicketingSystem.Data.csproj", "{045E15EE-ECC7-4F53-AEE5-E930CA8D461D}"
EndProject
Project("{FAE04EC0-301F-11D3-BF4B-00C04F79EFBC}") = "TicketingSystem.Web", "TicketingSystem.Web\TicketingSystem.Web.csproj", "{67B5398E-E5B2-4B75-87BF-21DD692A43E1}"
EndProject
Global
	GlobalSection(SolutionConfigurationPlatforms) = preSolution
		Debug|Any CPU = Debug|Any CPU
		Release|Any CPU = Release|Any CPU
	EndGlobalSection
	GlobalSection(ProjectConfigurationPlatforms) = postSolution
		{67E8A29C-D806-4DA8-BF82-6A6794AD4203}.Debug|Any CPU.ActiveCfg = Debug|Any CPU
		{67E8A29C-D806-4DA8-BF82-6A6794AD4203}.Debug|Any CPU.Build.0 = Debug|Any CPU
		{67E8A29C-D806-4DA8-BF82-6A6794AD4203}.Release|Any CPU.ActiveCfg = Release|Any CPU
		{67E8A29C-D806-4DA8-BF82-6A6794AD4203}.Release|Any CPU.Build.0 = Release|Any CPU
		{045E15EE-ECC7-4F53-AEE5-E930CA8D461D}.Debug|Any CPU.ActiveCfg = Debug|Any CPU
		{045E15EE-ECC7-4F53-AEE5-E930CA8D461D}.Debug|Any CPU.Build.0 = Debug|Any CPU
		{045E15EE-ECC7-4F53-AEE5-E930CA8D461D}.Release|Any CPU.ActiveCfg = Release|Any CPU
		{045E15EE-ECC7-4F53-AEE5-E930CA8D461D}.Release|Any CPU.Build.0 = Release|Any CPU
		{67B5398E-E5B2-4B75-87BF-21DD692A43E1}.Debug|Any CPU.ActiveCfg = Debug|Any CPU
		{67B5398E-E5B2-4B75-87BF-21DD692A43E1}.Debug|Any CPU.Build.0 = Debug|Any CPU
		{67B5398E-E5B2-4B75-87BF-21DD692A43E1}.Release|Any CPU.ActiveCfg = Release|Any CPU
		{67B5398E-E5B2-4B75-87BF-21DD692A43E1}.Release|Any CPU.Build.0 = Release|Any CPU
	EndGlobalSection
	GlobalSection(SolutionProperties) = preSolution
		HideSolutionNode = FALSE
	EndGlobalSection
EndGlobal
